# This file is autogenerated, do not edit; changes may be undone by the next 'dep ensure'.


[[projects]]
  digest = "1:0dcdc1a94f2f2b0ca169176e8344bab0f74ecfefd7a51957a88a789bbd683112"
  name = "github.com/oliamb/cutter"
  packages = ["."]
  pruneopts = "UT"
  revision = "de2952ec22155c8e68bf4ac03684b1d1d734b53c"
  version = "v0.2.2"

[solve-meta]
  analyzer-name = "dep"
  analyzer-version = 1
  input-imports = ["github.com/oliamb/cutter"]
  solver-name = "gps-cdcl"
  solver-version = 1
